
Microsoft Visual Studio Solution File, Format Version 12.00
# Visual Studio Version 17
VisualStudioVersion = 17.9.34728.123
MinimumVisualStudioVersion = 10.0.40219.1
Project("{FAE04EC0-301F-11D3-BF4B-00C04F79EFBC}") = "Point-of-Sale", "Point-of-Sale\Point-of-Sale.csproj", "{7BA86D98-0071-49F2-BC2E-E0F049384654}"
EndProject
Global
	GlobalSection(SolutionConfigurationPlatforms) = preSolution
		Debug|Any CPU = Debug|Any CPU
		Release|Any CPU = Release|Any CPU
	EndGlobalSection
	GlobalSection(ProjectConfigurationPlatforms) = postSolution
		{7BA86D98-0071-49F2-BC2E-E0F049384654}.Debug|Any CPU.ActiveCfg = Debug|Any CPU
		{7BA86D98-0071-49F2-BC2E-E0F049384654}.Debug|Any CPU.Build.0 = Debug|Any CPU
		{7BA86D98-0071-49F2-BC2E-E0F049384654}.Release|Any CPU.ActiveCfg = Release|Any CPU
		{7BA86D98-0071-49F2-BC2E-E0F049384654}.Release|Any CPU.Build.0 = Release|Any CPU
	EndGlobalSection
	GlobalSection(SolutionProperties) = preSolution
		HideSolutionNode = FALSE
	EndGlobalSection
	GlobalSection(ExtensibilityGlobals) = postSolution
		SolutionGuid = {EF790622-CB60-4D18-99EC-F700F5BC972A}
	EndGlobalSection
EndGlobal
